{
  "version": 4,
  "terraform_version": "1.11.3",
  "serial": 6,
  "lineage": "cf13e17a-ccf4-641b-591e-1c3035f341c2",
  "outputs": {},
  "resources": [
    {
      "mode": "data",
      "type": "aws_ssm_parameter",
      "name": "app_port",
      "provider": "provider[\"registry.terraform.io/hashicorp/aws\"]",
      "instances": [
        {
          "schema_version": 0,
          "attributes": {
            "arn": "arn:aws:ssm:us-east-1:340752805522:parameter/ecs/api-franquicias-nequi/PORT",
            "id": "/ecs/api-franquicias-nequi/PORT",
            "insecure_value": "8080",
            "name": "/ecs/api-franquicias-nequi/PORT",
            "type": "String",
            "value": "8080",
            "version": 1,
            "with_decryption": true
          },
          "sensitive_attributes": [
            [
              {
                "type": "get_attr",
                "value": "value"
              }
            ]
          ]
        }
      ]
    },
    {
      "mode": "data",
      "type": "aws_ssm_parameter",
      "name": "db_password",
      "provider": "provider[\"registry.terraform.io/hashicorp/aws\"]",
      "instances": [
        {
          "schema_version": 0,
          "attributes": {
            "arn": "arn:aws:ssm:us-east-1:340752805522:parameter/ecs/api-franquicias-nequi/DB_PASSWORD",
            "id": "/ecs/api-franquicias-nequi/DB_PASSWORD",
            "insecure_value": "moreto2804",
            "name": "/ecs/api-franquicias-nequi/DB_PASSWORD",
            "type": "StringList",
            "value": "moreto2804",
            "version": 2,
            "with_decryption": true
          },
          "sensitive_attributes": [
            [
              {
                "type": "get_attr",
                "value": "value"
              }
            ]
          ]
        }
      ]
    },
    {
      "mode": "data",
      "type": "aws_ssm_parameter",
      "name": "db_username",
      "provider": "provider[\"registry.terraform.io/hashicorp/aws\"]",
      "instances": [
        {
          "schema_version": 0,
          "attributes": {
            "arn": "arn:aws:ssm:us-east-1:340752805522:parameter/ecs/api-franquicias-nequi/DB_USERNAME",
            "id": "/ecs/api-franquicias-nequi/DB_USERNAME",
            "insecure_value": "root",
            "name": "/ecs/api-franquicias-nequi/DB_USERNAME",
            "type": "String",
            "value": "root",
            "version": 1,
            "with_decryption": true
          },
          "sensitive_attributes": [
            [
              {
                "type": "get_attr",
                "value": "value"
              }
            ]
          ]
        }
      ]
    },
    {
      "mode": "managed",
      "type": "aws_db_subnet_group",
      "name": "franquicias_subnet_group",
      "provider": "provider[\"registry.terraform.io/hashicorp/aws\"]",
      "instances": [
        {
          "schema_version": 0,
          "attributes": {
            "arn": "arn:aws:rds:us-east-1:340752805522:subgrp:franquicias-subnet-group",
            "description": "Managed by Terraform",
            "id": "franquicias-subnet-group",
            "name": "franquicias-subnet-group",
            "name_prefix": "",
            "subnet_ids": [
              "subnet-03b0a4d0333a3419e",
              "subnet-0dab25d7b8dcb5c72"
            ],
            "supported_network_types": [
              "IPV4"
            ],
            "tags": {
              "Name": "franquicias-subnet-group"
            },
            "tags_all": {
              "Name": "franquicias-subnet-group"
            },
            "vpc_id": "vpc-04a0d9f6efd8cea41"
          },
          "sensitive_attributes": [],
          "private": "bnVsbA=="
        }
      ]
    },
    {
      "mode": "managed",
      "type": "aws_ssm_parameter",
      "name": "db_uri",
      "provider": "provider[\"registry.terraform.io/hashicorp/aws\"]",
      "instances": [
        {
          "schema_version": 0,
          "attributes": {
            "allowed_pattern": "",
            "arn": "arn:aws:ssm:us-east-1:340752805522:parameter/ecs/api-franquicias-nequi/DB_URI",
            "data_type": "text",
            "description": "",
            "has_value_wo": null,
            "id": "/ecs/api-franquicias-nequi/DB_URI",
            "insecure_value": null,
            "key_id": "",
            "name": "/ecs/api-franquicias-nequi/DB_URI",
            "overwrite": null,
            "tags": {},
            "tags_all": {},
            "tier": "Standard",
            "type": "String",
            "value": "franquicias-db.cda0a2284brk.us-east-1.rds.amazonaws.com:3306",
            "value_wo": null,
            "value_wo_version": null,
            "version": 2
          },
          "sensitive_attributes": [
            [
              {
                "type": "get_attr",
                "value": "value_wo"
              }
            ],
            [
              {
                "type": "get_attr",
                "value": "value"
              }
            ]
          ],
          "private": "bnVsbA==",
          "dependencies": [
            "aws_db_instance.franquicias",
            "aws_db_subnet_group.franquicias_subnet_group",
            "data.aws_ssm_parameter.db_password",
            "data.aws_ssm_parameter.db_username"
          ]
        }
      ]
    }
  ],
  "check_results": null
}
